
Microsoft Visual Studio Solution File, Format Version 12.00
# Visual Studio Version 16
VisualStudioVersion = 16.0.29519.87
MinimumVisualStudioVersion = 10.0.40219.1
Project("{FAE04EC0-301F-11D3-BF4B-00C04F79EFBC}") = "ClassLibrary", "ClassLibrary\ClassLibrary.csproj", "{F5E5A30F-B5BB-48F4-9142-39DC673A687E}"
EndProject
Global
	GlobalSection(SolutionConfigurationPlatforms) = preSolution
		Debug|Any CPU = Debug|Any CPU
		Release|Any CPU = Release|Any CPU
	EndGlobalSection
	GlobalSection(ProjectConfigurationPlatforms) = postSolution
		{F5E5A30F-B5BB-48F4-9142-39DC673A687E}.Debug|Any CPU.ActiveCfg = Debug|Any CPU
		{F5E5A30F-B5BB-48F4-9142-39DC673A687E}.Debug|Any CPU.Build.0 = Debug|Any CPU
		{F5E5A30F-B5BB-48F4-9142-39DC673A687E}.Release|Any CPU.ActiveCfg = Release|Any CPU
		{F5E5A30F-B5BB-48F4-9142-39DC673A687E}.Release|Any CPU.Build.0 = Release|Any CPU
	EndGlobalSection
	GlobalSection(SolutionProperties) = preSolution
		HideSolutionNode = FALSE
	EndGlobalSection
	GlobalSection(ExtensibilityGlobals) = postSolution
		SolutionGuid = {FC0E0C50-CD88-4786-9128-E1A8F78C54F5}
	EndGlobalSection
EndGlobal
